
Microsoft Visual Studio Solution File, Format Version 12.00
# Visual Studio Version 16
VisualStudioVersion = 16.0.31129.286
MinimumVisualStudioVersion = 10.0.40219.1
Project("{FAE04EC0-301F-11D3-BF4B-00C04F79EFBC}") = "ASS_EF.core", "ASS_EF.core\ASS_EF.core.csproj", "{01A00D96-0535-4763-9301-1AAAF599277B}"
EndProject
Global
	GlobalSection(SolutionConfigurationPlatforms) = preSolution
		Debug|Any CPU = Debug|Any CPU
		Release|Any CPU = Release|Any CPU
	EndGlobalSection
	GlobalSection(ProjectConfigurationPlatforms) = postSolution
		{01A00D96-0535-4763-9301-1AAAF599277B}.Debug|Any CPU.ActiveCfg = Debug|Any CPU
		{01A00D96-0535-4763-9301-1AAAF599277B}.Debug|Any CPU.Build.0 = Debug|Any CPU
		{01A00D96-0535-4763-9301-1AAAF599277B}.Release|Any CPU.ActiveCfg = Release|Any CPU
		{01A00D96-0535-4763-9301-1AAAF599277B}.Release|Any CPU.Build.0 = Release|Any CPU
	EndGlobalSection
	GlobalSection(SolutionProperties) = preSolution
		HideSolutionNode = FALSE
	EndGlobalSection
	GlobalSection(ExtensibilityGlobals) = postSolution
		SolutionGuid = {17A9686A-B3BB-4C71-95C3-2DA00761A6A0}
	EndGlobalSection
EndGlobal
